
Microsoft Visual Studio Solution File, Format Version 12.00
# Visual Studio Version 16
VisualStudioVersion = 16.0.30907.101
MinimumVisualStudioVersion = 10.0.40219.1
Project("{FAE04EC0-301F-11D3-BF4B-00C04F79EFBC}") = "ImprovedJoelMovieTracker", "ImprovedJoelMovieTracker\ImprovedJoelMovieTracker.csproj", "{4525F05B-D463-45F2-B2BD-BEA82C821923}"
EndProject
Global
	GlobalSection(SolutionConfigurationPlatforms) = preSolution
		Debug|Any CPU = Debug|Any CPU
		Release|Any CPU = Release|Any CPU
	EndGlobalSection
	GlobalSection(ProjectConfigurationPlatforms) = postSolution
		{4525F05B-D463-45F2-B2BD-BEA82C821923}.Debug|Any CPU.ActiveCfg = Debug|Any CPU
		{4525F05B-D463-45F2-B2BD-BEA82C821923}.Debug|Any CPU.Build.0 = Debug|Any CPU
		{4525F05B-D463-45F2-B2BD-BEA82C821923}.Release|Any CPU.ActiveCfg = Release|Any CPU
		{4525F05B-D463-45F2-B2BD-BEA82C821923}.Release|Any CPU.Build.0 = Release|Any CPU
	EndGlobalSection
	GlobalSection(SolutionProperties) = preSolution
		HideSolutionNode = FALSE
	EndGlobalSection
	GlobalSection(ExtensibilityGlobals) = postSolution
		SolutionGuid = {713F0B17-FC84-4E6C-B20D-2A2D7D0100C8}
	EndGlobalSection
EndGlobal
